
Microsoft Visual Studio Solution File, Format Version 12.00
# Visual Studio Version 16
VisualStudioVersion = 16.0.30204.135
MinimumVisualStudioVersion = 10.0.40219.1
Project("{FAE04EC0-301F-11D3-BF4B-00C04F79EFBC}") = "DataTableToList", "DataTableToList\DataTableToList.csproj", "{C174A0EA-0E44-4F8F-9396-0AD40482858B}"
EndProject
Global
	GlobalSection(SolutionConfigurationPlatforms) = preSolution
		Debug|Any CPU = Debug|Any CPU
		Release|Any CPU = Release|Any CPU
	EndGlobalSection
	GlobalSection(ProjectConfigurationPlatforms) = postSolution
		{C174A0EA-0E44-4F8F-9396-0AD40482858B}.Debug|Any CPU.ActiveCfg = Debug|Any CPU
		{C174A0EA-0E44-4F8F-9396-0AD40482858B}.Debug|Any CPU.Build.0 = Debug|Any CPU
		{C174A0EA-0E44-4F8F-9396-0AD40482858B}.Release|Any CPU.ActiveCfg = Release|Any CPU
		{C174A0EA-0E44-4F8F-9396-0AD40482858B}.Release|Any CPU.Build.0 = Release|Any CPU
	EndGlobalSection
	GlobalSection(SolutionProperties) = preSolution
		HideSolutionNode = FALSE
	EndGlobalSection
	GlobalSection(ExtensibilityGlobals) = postSolution
		SolutionGuid = {24B950BB-C480-48D8-B113-E82ABA36F0F1}
	EndGlobalSection
EndGlobal
